
Microsoft Visual Studio Solution File, Format Version 12.00
# Visual Studio Version 17
VisualStudioVersion = 17.6.33829.357
MinimumVisualStudioVersion = 10.0.40219.1
Project("{FAE04EC0-301F-11D3-BF4B-00C04F79EFBC}") = "AutomationTestingTask", "AutomationTestingTask\AutomationTestingTask.csproj", "{F3403A3D-A471-4E62-9CEC-25BCE33EDCAF}"
EndProject
Global
	GlobalSection(SolutionConfigurationPlatforms) = preSolution
		Debug|Any CPU = Debug|Any CPU
		Release|Any CPU = Release|Any CPU
	EndGlobalSection
	GlobalSection(ProjectConfigurationPlatforms) = postSolution
		{F3403A3D-A471-4E62-9CEC-25BCE33EDCAF}.Debug|Any CPU.ActiveCfg = Debug|Any CPU
		{F3403A3D-A471-4E62-9CEC-25BCE33EDCAF}.Debug|Any CPU.Build.0 = Debug|Any CPU
		{F3403A3D-A471-4E62-9CEC-25BCE33EDCAF}.Release|Any CPU.ActiveCfg = Release|Any CPU
		{F3403A3D-A471-4E62-9CEC-25BCE33EDCAF}.Release|Any CPU.Build.0 = Release|Any CPU
	EndGlobalSection
	GlobalSection(SolutionProperties) = preSolution
		HideSolutionNode = FALSE
	EndGlobalSection
	GlobalSection(ExtensibilityGlobals) = postSolution
		SolutionGuid = {708A0941-9CC0-49FC-BBBD-AC2783C7B310}
	EndGlobalSection
EndGlobal
